
Microsoft Visual Studio Solution File, Format Version 12.00
# Visual Studio Version 16
VisualStudioVersion = 16.0.29215.179
MinimumVisualStudioVersion = 10.0.40219.1
Project("{FAE04EC0-301F-11D3-BF4B-00C04F79EFBC}") = "Sorting", "Sorting\Sorting.csproj", "{529D415A-2956-4BDD-BF66-CB76C542401D}"
EndProject
Global
	GlobalSection(SolutionConfigurationPlatforms) = preSolution
		Debug|Any CPU = Debug|Any CPU
		Release|Any CPU = Release|Any CPU
	EndGlobalSection
	GlobalSection(ProjectConfigurationPlatforms) = postSolution
		{529D415A-2956-4BDD-BF66-CB76C542401D}.Debug|Any CPU.ActiveCfg = Debug|Any CPU
		{529D415A-2956-4BDD-BF66-CB76C542401D}.Debug|Any CPU.Build.0 = Debug|Any CPU
		{529D415A-2956-4BDD-BF66-CB76C542401D}.Release|Any CPU.ActiveCfg = Release|Any CPU
		{529D415A-2956-4BDD-BF66-CB76C542401D}.Release|Any CPU.Build.0 = Release|Any CPU
	EndGlobalSection
	GlobalSection(SolutionProperties) = preSolution
		HideSolutionNode = FALSE
	EndGlobalSection
	GlobalSection(ExtensibilityGlobals) = postSolution
		SolutionGuid = {7B7B4448-854E-42B0-A045-175A07F6D132}
	EndGlobalSection
EndGlobal
